
Microsoft Visual Studio Solution File, Format Version 12.00
# Visual Studio Version 16
VisualStudioVersion = 16.0.32602.291
MinimumVisualStudioVersion = 10.0.40219.1
Project("{FAE04EC0-301F-11D3-BF4B-00C04F79EFBC}") = "Calc", "Calc.csproj", "{7F5C55A8-4294-4E4D-BDFA-92A12E41BDD2}"
EndProject
Global
	GlobalSection(SolutionConfigurationPlatforms) = preSolution
		Debug|Any CPU = Debug|Any CPU
		Release|Any CPU = Release|Any CPU
	EndGlobalSection
	GlobalSection(ProjectConfigurationPlatforms) = postSolution
		{7F5C55A8-4294-4E4D-BDFA-92A12E41BDD2}.Debug|Any CPU.ActiveCfg = Debug|Any CPU
		{7F5C55A8-4294-4E4D-BDFA-92A12E41BDD2}.Debug|Any CPU.Build.0 = Debug|Any CPU
		{7F5C55A8-4294-4E4D-BDFA-92A12E41BDD2}.Release|Any CPU.ActiveCfg = Release|Any CPU
		{7F5C55A8-4294-4E4D-BDFA-92A12E41BDD2}.Release|Any CPU.Build.0 = Release|Any CPU
	EndGlobalSection
	GlobalSection(SolutionProperties) = preSolution
		HideSolutionNode = FALSE
	EndGlobalSection
	GlobalSection(ExtensibilityGlobals) = postSolution
		SolutionGuid = {97103351-B0F1-40E0-8DCA-A551EA039D0B}
	EndGlobalSection
EndGlobal
